# This file was autogenerated by uv via the following command:
#    uv pip compile integrations/softmax/requirements.txt --python-version 3.12 --output-file integrations/softmax/requirements.lock
annotated-doc==0.0.5
    # via fastapi
annotated-types==0.8.0
    # via pydantic
anyio==4.15.1
    # via
    #   httpx
    #   starlette
certifi==2026.7.22
    # via
    #   httpcore
    #   httpx
click==8.5.0
    # via uvicorn
fastapi==0.135.1
    # via -r integrations/softmax/requirements.txt
h11==0.16.0
    # via
    #   httpcore
    #   uvicorn
httpcore==1.0.9
    # via httpx
httpx==0.28.1
    # via -r integrations/softmax/requirements.txt
idna==3.19
    # via
    #   anyio
    #   httpx
jax==0.10.1
    # via -r integrations/softmax/requirements.txt
jaxlib==0.10.1
    # via
    #   -r integrations/softmax/requirements.txt
    #   jax
ml-dtypes==0.6.0
    # via
    #   jax
    #   jaxlib
numpy==2.4.6
    # via
    #   -r integrations/softmax/requirements.txt
    #   jax
    #   jaxlib
    #   ml-dtypes
    #   scipy
opt-einsum==3.4.0
    # via jax
pydantic==2.13.5
    # via
    #   -r integrations/softmax/requirements.txt
    #   fastapi
pydantic-core==2.46.5
    # via pydantic
scipy==1.18.1
    # via
    #   jax
    #   jaxlib
starlette==1.6.0
    # via fastapi
typing-extensions==4.16.0
    # via
    #   anyio
    #   fastapi
    #   pydantic
    #   pydantic-core
    #   starlette
    #   typing-inspection
typing-inspection==0.4.4
    # via
    #   fastapi
    #   pydantic
uvicorn==0.41.0
    # via -r integrations/softmax/requirements.txt
websockets==16.0
    # via -r integrations/softmax/requirements.txt
